
Microsoft Visual Studio Solution File, Format Version 12.00
# Visual Studio Version 16
VisualStudioVersion = 16.0.31605.320
MinimumVisualStudioVersion = 10.0.40219.1
Project("{9A19103F-16F7-4668-BE54-9A1E7A4F7556}") = "des", "des\des.csproj", "{DCF06DD1-CD37-4FC7-A8CC-7561532DA581}"
EndProject
Project("{9A19103F-16F7-4668-BE54-9A1E7A4F7556}") = "Testing", "..\Testing\Testing.csproj", "{3829925E-D8F5-40C7-A004-81C4FE78AB0E}"
EndProject
Global
	GlobalSection(SolutionConfigurationPlatforms) = preSolution
		Debug|Any CPU = Debug|Any CPU
		Release|Any CPU = Release|Any CPU
	EndGlobalSection
	GlobalSection(ProjectConfigurationPlatforms) = postSolution
		{DCF06DD1-CD37-4FC7-A8CC-7561532DA581}.Debug|Any CPU.ActiveCfg = Debug|Any CPU
		{DCF06DD1-CD37-4FC7-A8CC-7561532DA581}.Debug|Any CPU.Build.0 = Debug|Any CPU
		{DCF06DD1-CD37-4FC7-A8CC-7561532DA581}.Release|Any CPU.ActiveCfg = Release|Any CPU
		{DCF06DD1-CD37-4FC7-A8CC-7561532DA581}.Release|Any CPU.Build.0 = Release|Any CPU
		{3829925E-D8F5-40C7-A004-81C4FE78AB0E}.Debug|Any CPU.ActiveCfg = Debug|Any CPU
		{3829925E-D8F5-40C7-A004-81C4FE78AB0E}.Debug|Any CPU.Build.0 = Debug|Any CPU
		{3829925E-D8F5-40C7-A004-81C4FE78AB0E}.Release|Any CPU.ActiveCfg = Release|Any CPU
		{3829925E-D8F5-40C7-A004-81C4FE78AB0E}.Release|Any CPU.Build.0 = Release|Any CPU
	EndGlobalSection
	GlobalSection(SolutionProperties) = preSolution
		HideSolutionNode = FALSE
	EndGlobalSection
	GlobalSection(ExtensibilityGlobals) = postSolution
		SolutionGuid = {D5600202-E128-4785-A87D-ED8A4A46C807}
	EndGlobalSection
EndGlobal
